// !$*UTF8*$!
{
	archiveVersion = 1;
	classes = {
	};
	objectVersion = 46;
	objects = {

/* Begin PBXBuildFile section */
		68E0DE9A1B6FB7B20093AAB2 /* AppDelegate.swift in Sources */ = {isa = PBXBuildFile; fileRef = 68E0DE991B6FB7B20093AAB2 /* AppDelegate.swift */; };
		68E0DE9C1B6FB7B20093AAB2 /* ViewController.swift in Sources */ = {isa = PBXBuildFile; fileRef = 68E0DE9B1B6FB7B20093AAB2 /* ViewController.swift */; };
		68E0DE9F1B6FB7B20093AAB2 /* Main.storyboard in Resources */ = {isa = PBXBuildFile; fileRef = 68E0DE9D1B6FB7B20093AAB2 /* Main.storyboard */; };
		68E0DEA11B6FB7B20093AAB2 /* Images.xcassets in Resources */ = {isa = PBXBuildFile; fileRef = 68E0DEA01B6FB7B20093AAB2 /* Images.xcassets */; };
		68E0DEA41B6FB7B20093AAB2 /* LaunchScreen.xib in Resources */ = {isa = PBXBuildFile; fileRef = 68E0DEA21B6FB7B20093AAB2 /* LaunchScreen.xib */; };
		68E0DEB01B6FB7B20093AAB2 /* Lomotif_IosTaskTests.swift in Sources */ = {isa = PBXBuildFile; fileRef = 68E0DEAF1B6FB7B20093AAB2 /* Lomotif_IosTaskTests.swift */; };
		68E0DED61B6FBF5D0093AAB2 /* PlaylistModel.swift in Sources */ = {isa = PBXBuildFile; fileRef = 68E0DED51B6FBF5D0093AAB2 /* PlaylistModel.swift */; };
		68E0DEDB1B6FC4C00093AAB2 /* SwiftyJSON.swift in Sources */ = {isa = PBXBuildFile; fileRef = 68E0DEDA1B6FC4C00093AAB2 /* SwiftyJSON.swift */; };
		68E0DEDE1B6FC55B0093AAB2 /* NetworkManager.swift in Sources */ = {isa = PBXBuildFile; fileRef = 68E0DEDD1B6FC55B0093AAB2 /* NetworkManager.swift */; };
		68E0DEE11B6FC9330093AAB2 /* SingletonArray.swift in Sources */ = {isa = PBXBuildFile; fileRef = 68E0DEE01B6FC9330093AAB2 /* SingletonArray.swift */; };
		68E0DEE41B6FDB390093AAB2 /* CustomCell.swift in Sources */ = {isa = PBXBuildFile; fileRef = 68E0DEE31B6FDB390093AAB2 /* CustomCell.swift */; };
/* End PBXBuildFile section */

/* Begin PBXContainerItemProxy section */
		68E0DEAA1B6FB7B20093AAB2 /* PBXContainerItemProxy */ = {
			isa = PBXContainerItemProxy;
			containerPortal = 68E0DE8C1B6FB7B10093AAB2 /* Project object */;
			proxyType = 1;
			remoteGlobalIDString = 68E0DE931B6FB7B10093AAB2;
			remoteInfo = "Lomotif-IosTask";
		};
/* End PBXContainerItemProxy section */

/* Begin PBXFileReference section */
		68E0DE941B6FB7B10093AAB2 /* Lomotif-IosTask.app */ = {isa = PBXFileReference; explicitFileType = wrapper.application; includeInIndex = 0; path = "Lomotif-IosTask.app"; sourceTree = BUILT_PRODUCTS_DIR; };
		68E0DE981B6FB7B10093AAB2 /* Info.plist */ = {isa = PBXFileReference; lastKnownFileType = text.plist.xml; path = Info.plist; sourceTree = "<group>"; };
		68E0DE991B6FB7B20093AAB2 /* AppDelegate.swift */ = {isa = PBXFileReference; lastKnownFileType = sourcecode.swift; path = AppDelegate.swift; sourceTree = "<group>"; };
		68E0DE9B1B6FB7B20093AAB2 /* ViewController.swift */ = {isa = PBXFileReference; lastKnownFileType = sourcecode.swift; path = ViewController.swift; sourceTree = "<group>"; };
		68E0DE9E1B6FB7B20093AAB2 /* Base */ = {isa = PBXFileReference; lastKnownFileType = file.storyboard; name = Base; path = Base.lproj/Main.storyboard; sourceTree = "<group>"; };
		68E0DEA01B6FB7B20093AAB2 /* Images.xcassets */ = {isa = PBXFileReference; lastKnownFileType = folder.assetcatalog; path = Images.xcassets; sourceTree = "<group>"; };
		68E0DEA31B6FB7B20093AAB2 /* Base */ = {isa = PBXFileReference; lastKnownFileType = file.xib; name = Base; path = Base.lproj/LaunchScreen.xib; sourceTree = "<group>"; };
		68E0DEA91B6FB7B20093AAB2 /* Lomotif-IosTaskTests.xctest */ = {isa = PBXFileReference; explicitFileType = wrapper.cfbundle; includeInIndex = 0; path = "Lomotif-IosTaskTests.xctest"; sourceTree = BUILT_PRODUCTS_DIR; };
		68E0DEAE1B6FB7B20093AAB2 /* Info.plist */ = {isa = PBXFileReference; lastKnownFileType = text.plist.xml; path = Info.plist; sourceTree = "<group>"; };
		68E0DEAF1B6FB7B20093AAB2 /* Lomotif_IosTaskTests.swift */ = {isa = PBXFileReference; lastKnownFileType = sourcecode.swift; path = Lomotif_IosTaskTests.swift; sourceTree = "<group>"; };
		68E0DED51B6FBF5D0093AAB2 /* PlaylistModel.swift */ = {isa = PBXFileReference; fileEncoding = 4; lastKnownFileType = sourcecode.swift; path = PlaylistModel.swift; sourceTree = "<group>"; };
		68E0DED91B6FC4C00093AAB2 /* SwiftyJSON.h */ = {isa = PBXFileReference; fileEncoding = 4; lastKnownFileType = sourcecode.c.h; path = SwiftyJSON.h; sourceTree = "<group>"; };
		68E0DEDA1B6FC4C00093AAB2 /* SwiftyJSON.swift */ = {isa = PBXFileReference; fileEncoding = 4; lastKnownFileType = sourcecode.swift; path = SwiftyJSON.swift; sourceTree = "<group>"; };
		68E0DEDD1B6FC55B0093AAB2 /* NetworkManager.swift */ = {isa = PBXFileReference; fileEncoding = 4; lastKnownFileType = sourcecode.swift; path = NetworkManager.swift; sourceTree = "<group>"; };
		68E0DEE01B6FC9330093AAB2 /* SingletonArray.swift */ = {isa = PBXFileReference; fileEncoding = 4; lastKnownFileType = sourcecode.swift; path = SingletonArray.swift; sourceTree = "<group>"; };
		68E0DEE31B6FDB390093AAB2 /* CustomCell.swift */ = {isa = PBXFileReference; fileEncoding = 4; lastKnownFileType = sourcecode.swift; name = CustomCell.swift; path = Cell/CustomCell.swift; sourceTree = "<group>"; };
/* End PBXFileReference section */

/* Begin PBXFrameworksBuildPhase section */
		68E0DE911B6FB7B10093AAB2 /* Frameworks */ = {
			isa = PBXFrameworksBuildPhase;
			buildActionMask = 2147483647;
			files = (
			);
			runOnlyForDeploymentPostprocessing = 0;
		};
		68E0DEA61B6FB7B20093AAB2 /* Frameworks */ = {
			isa = PBXFrameworksBuildPhase;
			buildActionMask = 2147483647;
			files = (
			);
			runOnlyForDeploymentPostprocessing = 0;
		};
/* End PBXFrameworksBuildPhase section */

/* Begin PBXGroup section */
		68E0DE8B1B6FB7B10093AAB2 = {
			isa = PBXGroup;
			children = (
				68E0DE961B6FB7B10093AAB2 /* Lomotif-IosTask */,
				68E0DEAC1B6FB7B20093AAB2 /* Lomotif-IosTaskTests */,
				68E0DE951B6FB7B10093AAB2 /* Products */,
			);
			sourceTree = "<group>";
		};
		68E0DE951B6FB7B10093AAB2 /* Products */ = {
			isa = PBXGroup;
			children = (
				68E0DE941B6FB7B10093AAB2 /* Lomotif-IosTask.app */,
				68E0DEA91B6FB7B20093AAB2 /* Lomotif-IosTaskTests.xctest */,
			);
			name = Products;
			sourceTree = "<group>";
		};
		68E0DE961B6FB7B10093AAB2 /* Lomotif-IosTask */ = {
			isa = PBXGroup;
			children = (
				68E0DEDF1B6FC91B0093AAB2 /* Internal DataStructure */,
				68E0DEDC1B6FC5480093AAB2 /* Network */,
				68E0DED41B6FBF490093AAB2 /* Model */,
				68E0DE991B6FB7B20093AAB2 /* AppDelegate.swift */,
				68E0DE9B1B6FB7B20093AAB2 /* ViewController.swift */,
				68E0DE9D1B6FB7B20093AAB2 /* Main.storyboard */,
				68E0DE971B6FB7B10093AAB2 /* Supporting Files */,
				68E0DEE31B6FDB390093AAB2 /* CustomCell.swift */,
			);
			path = "Lomotif-IosTask";
			sourceTree = "<group>";
		};
		68E0DE971B6FB7B10093AAB2 /* Supporting Files */ = {
			isa = PBXGroup;
			children = (
				68E0DEA21B6FB7B20093AAB2 /* LaunchScreen.xib */,
				68E0DEA01B6FB7B20093AAB2 /* Images.xcassets */,
				68E0DE981B6FB7B10093AAB2 /* Info.plist */,
			);
			name = "Supporting Files";
			sourceTree = "<group>";
		};
		68E0DEAC1B6FB7B20093AAB2 /* Lomotif-IosTaskTests */ = {
			isa = PBXGroup;
			children = (
				68E0DEAF1B6FB7B20093AAB2 /* Lomotif_IosTaskTests.swift */,
				68E0DEAD1B6FB7B20093AAB2 /* Supporting Files */,
			);
			path = "Lomotif-IosTaskTests";
			sourceTree = "<group>";
		};
		68E0DEAD1B6FB7B20093AAB2 /* Supporting Files */ = {
			isa = PBXGroup;
			children = (
				68E0DEAE1B6FB7B20093AAB2 /* Info.plist */,
			);
			name = "Supporting Files";
			sourceTree = "<group>";
		};
		68E0DED41B6FBF490093AAB2 /* Model */ = {
			isa = PBXGroup;
			children = (
				68E0DED51B6FBF5D0093AAB2 /* PlaylistModel.swift */,
			);
			name = Model;
			sourceTree = "<group>";
		};
		68E0DEDC1B6FC5480093AAB2 /* Network */ = {
			isa = PBXGroup;
			children = (
				68E0DEE21B6FCF700093AAB2 /* JSON Helper */,
				68E0DEDD1B6FC55B0093AAB2 /* NetworkManager.swift */,
			);
			name = Network;
			sourceTree = "<group>";
		};
		68E0DEDF1B6FC91B0093AAB2 /* Internal DataStructure */ = {
			isa = PBXGroup;
			children = (
				68E0DEE01B6FC9330093AAB2 /* SingletonArray.swift */,
			);
			name = "Internal DataStructure";
			sourceTree = "<group>";
		};
		68E0DEE21B6FCF700093AAB2 /* JSON Helper */ = {
			isa = PBXGroup;
			children = (
				68E0DED91B6FC4C00093AAB2 /* SwiftyJSON.h */,
				68E0DEDA1B6FC4C00093AAB2 /* SwiftyJSON.swift */,
			);
			name = "JSON Helper";
			sourceTree = "<group>";
		};
/* End PBXGroup section */

/* Begin PBXNativeTarget section */
		68E0DE931B6FB7B10093AAB2 /* Lomotif-IosTask */ = {
			isa = PBXNativeTarget;
			buildConfigurationList = 68E0DEB31B6FB7B20093AAB2 /* Build configuration list for PBXNativeTarget "Lomotif-IosTask" */;
			buildPhases = (
				68E0DE901B6FB7B10093AAB2 /* Sources */,
				68E0DE911B6FB7B10093AAB2 /* Frameworks */,
				68E0DE921B6FB7B10093AAB2 /* Resources */,
			);
			buildRules = (
			);
			dependencies = (
			);
			name = "Lomotif-IosTask";
			productName = "Lomotif-IosTask";
			productReference = 68E0DE941B6FB7B10093AAB2 /* Lomotif-IosTask.app */;
			productType = "com.apple.product-type.application";
		};
		68E0DEA81B6FB7B20093AAB2 /* Lomotif-IosTaskTests */ = {
			isa = PBXNativeTarget;
			buildConfigurationList = 68E0DEB61B6FB7B20093AAB2 /* Build configuration list for PBXNativeTarget "Lomotif-IosTaskTests" */;
			buildPhases = (
				68E0DEA51B6FB7B20093AAB2 /* Sources */,
				68E0DEA61B6FB7B20093AAB2 /* Frameworks */,
				68E0DEA71B6FB7B20093AAB2 /* Resources */,
			);
			buildRules = (
			);
			dependencies = (
				68E0DEAB1B6FB7B20093AAB2 /* PBXTargetDependency */,
			);
			name = "Lomotif-IosTaskTests";
			productName = "Lomotif-IosTaskTests";
			productReference = 68E0DEA91B6FB7B20093AAB2 /* Lomotif-IosTaskTests.xctest */;
			productType = "com.apple.product-type.bundle.unit-test";
		};
/* End PBXNativeTarget section */

/* Begin PBXProject section */
		68E0DE8C1B6FB7B10093AAB2 /* Project object */ = {
			isa = PBXProject;
			attributes = {
				LastUpgradeCheck = 0640;
				ORGANIZATIONNAME = swift;
				TargetAttributes = {
					68E0DE931B6FB7B10093AAB2 = {
						CreatedOnToolsVersion = 6.4;
						DevelopmentTeam = V7CDVXVD4W;
					};
					68E0DEA81B6FB7B20093AAB2 = {
						CreatedOnToolsVersion = 6.4;
						TestTargetID = 68E0DE931B6FB7B10093AAB2;
					};
				};
			};
			buildConfigurationList = 68E0DE8F1B6FB7B10093AAB2 /* Build configuration list for PBXProject "Lomotif-IosTask" */;
			compatibilityVersion = "Xcode 3.2";
			developmentRegion = English;
			hasScannedForEncodings = 0;
			knownRegions = (
				en,
				Base,
			);
			mainGroup = 68E0DE8B1B6FB7B10093AAB2;
			productRefGroup = 68E0DE951B6FB7B10093AAB2 /* Products */;
			projectDirPath = "";
			projectRoot = "";
			targets = (
				68E0DE931B6FB7B10093AAB2 /* Lomotif-IosTask */,
				68E0DEA81B6FB7B20093AAB2 /* Lomotif-IosTaskTests */,
			);
		};
/* End PBXProject section */

/* Begin PBXResourcesBuildPhase section */
		68E0DE921B6FB7B10093AAB2 /* Resources */ = {
			isa = PBXResourcesBuildPhase;
			buildActionMask = 2147483647;
			files = (
				68E0DE9F1B6FB7B20093AAB2 /* Main.storyboard in Resources */,
				68E0DEA41B6FB7B20093AAB2 /* LaunchScreen.xib in Resources */,
				68E0DEA11B6FB7B20093AAB2 /* Images.xcassets in Resources */,
			);
			runOnlyForDeploymentPostprocessing = 0;
		};
		68E0DEA71B6FB7B20093AAB2 /* Resources */ = {
			isa = PBXResourcesBuildPhase;
			buildActionMask = 2147483647;
			files = (
			);
			runOnlyForDeploymentPostprocessing = 0;
		};
/* End PBXResourcesBuildPhase section */

/* Begin PBXSourcesBuildPhase section */
		68E0DE901B6FB7B10093AAB2 /* Sources */ = {
			isa = PBXSourcesBuildPhase;
			buildActionMask = 2147483647;
			files = (
				68E0DE9C1B6FB7B20093AAB2 /* ViewController.swift in Sources */,
				68E0DED61B6FBF5D0093AAB2 /* PlaylistModel.swift in Sources */,
				68E0DEDE1B6FC55B0093AAB2 /* NetworkManager.swift in Sources */,
				68E0DE9A1B6FB7B20093AAB2 /* AppDelegate.swift in Sources */,
				68E0DEDB1B6FC4C00093AAB2 /* SwiftyJSON.swift in Sources */,
				68E0DEE41B6FDB390093AAB2 /* CustomCell.swift in Sources */,
				68E0DEE11B6FC9330093AAB2 /* SingletonArray.swift in Sources */,
			);
			runOnlyForDeploymentPostprocessing = 0;
		};
		68E0DEA51B6FB7B20093AAB2 /* Sources */ = {
			isa = PBXSourcesBuildPhase;
			buildActionMask = 2147483647;
			files = (
				68E0DEB01B6FB7B20093AAB2 /* Lomotif_IosTaskTests.swift in Sources */,
			);
			runOnlyForDeploymentPostprocessing = 0;
		};
/* End PBXSourcesBuildPhase section */

/* Begin PBXTargetDependency section */
		68E0DEAB1B6FB7B20093AAB2 /* PBXTargetDependency */ = {
			isa = PBXTargetDependency;
			target = 68E0DE931B6FB7B10093AAB2 /* Lomotif-IosTask */;
			targetProxy = 68E0DEAA1B6FB7B20093AAB2 /* PBXContainerItemProxy */;
		};
/* End PBXTargetDependency section */

/* Begin PBXVariantGroup section */
		68E0DE9D1B6FB7B20093AAB2 /* Main.storyboard */ = {
			isa = PBXVariantGroup;
			children = (
				68E0DE9E1B6FB7B20093AAB2 /* Base */,
			);
			name = Main.storyboard;
			sourceTree = "<group>";
		};
		68E0DEA21B6FB7B20093AAB2 /* LaunchScreen.xib */ = {
			isa = PBXVariantGroup;
			children = (
				68E0DEA31B6FB7B20093AAB2 /* Base */,
			);
			name = LaunchScreen.xib;
			sourceTree = "<group>";
		};
/* End PBXVariantGroup section */

/* Begin XCBuildConfiguration section */
		68E0DEB11B6FB7B20093AAB2 /* Debug */ = {
			isa = XCBuildConfiguration;
			buildSettings = {
				ALWAYS_SEARCH_USER_PATHS = NO;
				CLANG_CXX_LANGUAGE_STANDARD = "gnu++0x";
				CLANG_CXX_LIBRARY = "libc++";
				CLANG_ENABLE_MODULES = YES;
				CLANG_ENABLE_OBJC_ARC = YES;
				CLANG_WARN_BOOL_CONVERSION = YES;
				CLANG_WARN_CONSTANT_CONVERSION = YES;
				CLANG_WARN_DIRECT_OBJC_ISA_USAGE = YES_ERROR;
				CLANG_WARN_EMPTY_BODY = YES;
				CLANG_WARN_ENUM_CONVERSION = YES;
				CLANG_WARN_INT_CONVERSION = YES;
				CLANG_WARN_OBJC_ROOT_CLASS = YES_ERROR;
				CLANG_WARN_UNREACHABLE_CODE = YES;
				CLANG_WARN__DUPLICATE_METHOD_MATCH = YES;
				"CODE_SIGN_IDENTITY[sdk=iphoneos*]" = "iPhone Developer";
				COPY_PHASE_STRIP = NO;
				DEBUG_INFORMATION_FORMAT = "dwarf-with-dsym";
				ENABLE_STRICT_OBJC_MSGSEND = YES;
				GCC_C_LANGUAGE_STANDARD = gnu99;
				GCC_DYNAMIC_NO_PIC = NO;
				GCC_NO_COMMON_BLOCKS = YES;
				GCC_OPTIMIZATION_LEVEL = 0;
				GCC_PREPROCESSOR_DEFINITIONS = (
					"DEBUG=1",
					"$(inherited)",
				);
				GCC_SYMBOLS_PRIVATE_EXTERN = NO;
				GCC_WARN_64_TO_32_BIT_CONVERSION = YES;
				GCC_WARN_ABOUT_RETURN_TYPE = YES_ERROR;
				GCC_WARN_UNDECLARED_SELECTOR = YES;
				GCC_WARN_UNINITIALIZED_AUTOS = YES_AGGRESSIVE;
				GCC_WARN_UNUSED_FUNCTION = YES;
				GCC_WARN_UNUSED_VARIABLE = YES;
				IPHONEOS_DEPLOYMENT_TARGET = 8.4;
				MTL_ENABLE_DEBUG_INFO = YES;
				ONLY_ACTIVE_ARCH = YES;
				SDKROOT = iphoneos;
				SWIFT_OPTIMIZATION_LEVEL = "-Onone";
			};
			name = Debug;
		};
		68E0DEB21B6FB7B20093AAB2 /* Release */ = {
			isa = XCBuildConfiguration;
			buildSettings = {
				ALWAYS_SEARCH_USER_PATHS = NO;
				CLANG_CXX_LANGUAGE_STANDARD = "gnu++0x";
				CLANG_CXX_LIBRARY = "libc++";
				CLANG_ENABLE_MODULES = YES;
				CLANG_ENABLE_OBJC_ARC = YES;
				CLANG_WARN_BOOL_CONVERSION = YES;
				CLANG_WARN_CONSTANT_CONVERSION = YES;
				CLANG_WARN_DIRECT_OBJC_ISA_USAGE = YES_ERROR;
				CLANG_WARN_EMPTY_BODY = YES;
				CLANG_WARN_ENUM_CONVERSION = YES;
				CLANG_WARN_INT_CONVERSION = YES;
				CLANG_WARN_OBJC_ROOT_CLASS = YES_ERROR;
				CLANG_WARN_UNREACHABLE_CODE = YES;
				CLANG_WARN__DUPLICATE_METHOD_MATCH = YES;
				"CODE_SIGN_IDENTITY[sdk=iphoneos*]" = "iPhone Developer";
				COPY_PHASE_STRIP = NO;
				DEBUG_INFORMATION_FORMAT = "dwarf-with-dsym";
				ENABLE_NS_ASSERTIONS = NO;
				ENABLE_STRICT_OBJC_MSGSEND = YES;
				GCC_C_LANGUAGE_STANDARD = gnu99;
				GCC_NO_COMMON_BLOCKS = YES;
				GCC_WARN_64_TO_32_BIT_CONVERSION = YES;
				GCC_WARN_ABOUT_RETURN_TYPE = YES_ERROR;
				GCC_WARN_UNDECLARED_SELECTOR = YES;
				GCC_WARN_UNINITIALIZED_AUTOS = YES_AGGRESSIVE;
				GCC_WARN_UNUSED_FUNCTION = YES;
				GCC_WARN_UNUSED_VARIABLE = YES;
				IPHONEOS_DEPLOYMENT_TARGET = 8.4;
				MTL_ENABLE_DEBUG_INFO = NO;
				SDKROOT = iphoneos;
				VALIDATE_PRODUCT = YES;
			};
			name = Release;
		};
		68E0DEB41B6FB7B20093AAB2 /* Debug */ = {
			isa = XCBuildConfiguration;
			buildSettings = {
				ASSETCATALOG_COMPILER_APPICON_NAME = AppIcon;
				CODE_SIGN_IDENTITY = "iPhone Developer";
				FRAMEWORK_SEARCH_PATHS = (
					"$(inherited)",
					"$(PROJECT_DIR)",
				);
				INFOPLIST_FILE = "Lomotif-IosTask/Info.plist";
				LD_RUNPATH_SEARCH_PATHS = "$(inherited) @executable_path/Frameworks";
				PRODUCT_NAME = "$(TARGET_NAME)";
			};
			name = Debug;
		};
		68E0DEB51B6FB7B20093AAB2 /* Release */ = {
			isa = XCBuildConfiguration;
			buildSettings = {
				ASSETCATALOG_COMPILER_APPICON_NAME = AppIcon;
				CODE_SIGN_IDENTITY = "iPhone Developer";
				FRAMEWORK_SEARCH_PATHS = (
					"$(inherited)",
					"$(PROJECT_DIR)",
				);
				INFOPLIST_FILE = "Lomotif-IosTask/Info.plist";
				LD_RUNPATH_SEARCH_PATHS = "$(inherited) @executable_path/Frameworks";
				PRODUCT_NAME = "$(TARGET_NAME)";
			};
			name = Release;
		};
		68E0DEB71B6FB7B20093AAB2 /* Debug */ = {
			isa = XCBuildConfiguration;
			buildSettings = {
				BUNDLE_LOADER = "$(TEST_HOST)";
				FRAMEWORK_SEARCH_PATHS = (
					"$(SDKROOT)/Developer/Library/Frameworks",
					"$(inherited)",
				);
				GCC_PREPROCESSOR_DEFINITIONS = (
					"DEBUG=1",
					"$(inherited)",
				);
				INFOPLIST_FILE = "Lomotif-IosTaskTests/Info.plist";
				LD_RUNPATH_SEARCH_PATHS = "$(inherited) @executable_path/Frameworks @loader_path/Frameworks";
				PRODUCT_NAME = "$(TARGET_NAME)";
				TEST_HOST = "$(BUILT_PRODUCTS_DIR)/Lomotif-IosTask.app/Lomotif-IosTask";
			};
			name = Debug;
		};
		68E0DEB81B6FB7B20093AAB2 /* Release */ = {
			isa = XCBuildConfiguration;
			buildSettings = {
				BUNDLE_LOADER = "$(TEST_HOST)";
				FRAMEWORK_SEARCH_PATHS = (
					"$(SDKROOT)/Developer/Library/Frameworks",
					"$(inherited)",
				);
				INFOPLIST_FILE = "Lomotif-IosTaskTests/Info.plist";
				LD_RUNPATH_SEARCH_PATHS = "$(inherited) @executable_path/Frameworks @loader_path/Frameworks";
				PRODUCT_NAME = "$(TARGET_NAME)";
				TEST_HOST = "$(BUILT_PRODUCTS_DIR)/Lomotif-IosTask.app/Lomotif-IosTask";
			};
			name = Release;
		};
/* End XCBuildConfiguration section */

/* Begin XCConfigurationList section */
		68E0DE8F1B6FB7B10093AAB2 /* Build configuration list for PBXProject "Lomotif-IosTask" */ = {
			isa = XCConfigurationList;
			buildConfigurations = (
				68E0DEB11B6FB7B20093AAB2 /* Debug */,
				68E0DEB21B6FB7B20093AAB2 /* Release */,
			);
			defaultConfigurationIsVisible = 0;
			defaultConfigurationName = Release;
		};
		68E0DEB31B6FB7B20093AAB2 /* Build configuration list for PBXNativeTarget "Lomotif-IosTask" */ = {
			isa = XCConfigurationList;
			buildConfigurations = (
				68E0DEB41B6FB7B20093AAB2 /* Debug */,
				68E0DEB51B6FB7B20093AAB2 /* Release */,
			);
			defaultConfigurationIsVisible = 0;
		};
		68E0DEB61B6FB7B20093AAB2 /* Build configuration list for PBXNativeTarget "Lomotif-IosTaskTests" */ = {
			isa = XCConfigurationList;
			buildConfigurations = (
				68E0DEB71B6FB7B20093AAB2 /* Debug */,
				68E0DEB81B6FB7B20093AAB2 /* Release */,
			);
			defaultConfigurationIsVisible = 0;
		};
/* End XCConfigurationList section */
	};
	rootObject = 68E0DE8C1B6FB7B10093AAB2 /* Project object */;
}
